
Microsoft Visual Studio Solution File, Format Version 12.00
# Visual Studio Version 17
VisualStudioVersion = 17.13.35825.156 d17.13
MinimumVisualStudioVersion = 10.0.40219.1
Project("{FAE04EC0-301F-11D3-BF4B-00C04F79EFBC}") = "VoiceApplication", "VoiceApplication.csproj", "{66A6FFF7-3E39-4D9F-AF66-B22CD8A44CF5}"
EndProject
Global
	GlobalSection(SolutionConfigurationPlatforms) = preSolution
		Debug|Any CPU = Debug|Any CPU
		Release|Any CPU = Release|Any CPU
	EndGlobalSection
	GlobalSection(ProjectConfigurationPlatforms) = postSolution
		{66A6FFF7-3E39-4D9F-AF66-B22CD8A44CF5}.Debug|Any CPU.ActiveCfg = Debug|Any CPU
		{66A6FFF7-3E39-4D9F-AF66-B22CD8A44CF5}.Debug|Any CPU.Build.0 = Debug|Any CPU
		{66A6FFF7-3E39-4D9F-AF66-B22CD8A44CF5}.Release|Any CPU.ActiveCfg = Release|Any CPU
		{66A6FFF7-3E39-4D9F-AF66-B22CD8A44CF5}.Release|Any CPU.Build.0 = Release|Any CPU
	EndGlobalSection
	GlobalSection(SolutionProperties) = preSolution
		HideSolutionNode = FALSE
	EndGlobalSection
	GlobalSection(ExtensibilityGlobals) = postSolution
		SolutionGuid = {FFDE9440-30EF-4396-A608-883558D9772E}
	EndGlobalSection
EndGlobal
